// !$*UTF8*$!
{
	archiveVersion = 1;
	classes = {
	};
	objectVersion = 46;
	objects = {

/* Begin PBXBuildFile section */
		2FF6447AE4B485C166C57676 /* libPods-ShellCoin.a in Frameworks */ = {isa = PBXBuildFile; fileRef = BEFB67E1918B5BA80284D66F /* libPods-ShellCoin.a */; };
		BC07FC621E4DBF0A00F1B0FA /* ManageBankView.m in Sources */ = {isa = PBXBuildFile; fileRef = BC07FC611E4DBF0A00F1B0FA /* ManageBankView.m */; };
		BC07FC641E4DBF1A00F1B0FA /* ManageBankView.xib in Resources */ = {isa = PBXBuildFile; fileRef = BC07FC631E4DBF1A00F1B0FA /* ManageBankView.xib */; };
		BC0A58221E724ADA0077C8A9 /* 213955937960616.cer in Resources */ = {isa = PBXBuildFile; fileRef = BC0A58181E724ADA0077C8A9 /* 213955937960616.cer */; };
		BC0A58231E724ADA0077C8A9 /* BaseHttpClient.m in Sources */ = {isa = PBXBuildFile; fileRef = BC0A581A1E724ADA0077C8A9 /* BaseHttpClient.m */; };
		BC0A58241E724ADA0077C8A9 /* HttpClient.m in Sources */ = {isa = PBXBuildFile; fileRef = BC0A581C1E724ADA0077C8A9 /* HttpClient.m */; };
		BC0A58251E724ADA0077C8A9 /* HttpClient_Readme.txt in Resources */ = {isa = PBXBuildFile; fileRef = BC0A581D1E724ADA0077C8A9 /* HttpClient_Readme.txt */; };
		BC0A58261E724ADA0077C8A9 /* HttpClientAlertViewHelper.m in Sources */ = {isa = PBXBuildFile; fileRef = BC0A581F1E724ADA0077C8A9 /* HttpClientAlertViewHelper.m */; };
		BC0A582A1E724D090077C8A9 /* BankPickView.m in Sources */ = {isa = PBXBuildFile; fileRef = BC0A58281E724D090077C8A9 /* BankPickView.m */; };
		BC0A582B1E724D090077C8A9 /* city.plist in Resources */ = {isa = PBXBuildFile; fileRef = BC0A58291E724D090077C8A9 /* city.plist */; };
		BC0A58301E7282250077C8A9 /* SetViewController.m in Sources */ = {isa = PBXBuildFile; fileRef = BC0A582E1E7282250077C8A9 /* SetViewController.m */; };
		BC0A58311E7282250077C8A9 /* SetViewController.xib in Resources */ = {isa = PBXBuildFile; fileRef = BC0A582F1E7282250077C8A9 /* SetViewController.xib */; };
		BC0A58351E72832E0077C8A9 /* SetTableViewCell.m in Sources */ = {isa = PBXBuildFile; fileRef = BC0A58331E72832E0077C8A9 /* SetTableViewCell.m */; };
		BC0A58361E72832E0077C8A9 /* SetTableViewCell.xib in Resources */ = {isa = PBXBuildFile; fileRef = BC0A58341E72832E0077C8A9 /* SetTableViewCell.xib */; };
		BC0A58391E728C510077C8A9 /* SortButtonSwitchView.m in Sources */ = {isa = PBXBuildFile; fileRef = BC0A58381E728C510077C8A9 /* SortButtonSwitchView.m */; };
		BC0A583E1E728D520077C8A9 /* BillViewController.m in Sources */ = {isa = PBXBuildFile; fileRef = BC0A583C1E728D520077C8A9 /* BillViewController.m */; };
		BC0A583F1E728D520077C8A9 /* BillViewController.xib in Resources */ = {isa = PBXBuildFile; fileRef = BC0A583D1E728D520077C8A9 /* BillViewController.xib */; };
		BC0A58421E728F050077C8A9 /* SwipeView.m in Sources */ = {isa = PBXBuildFile; fileRef = BC0A58411E728F050077C8A9 /* SwipeView.m */; };
		BC0A58451E728F2C0077C8A9 /* AutoScroller.m in Sources */ = {isa = PBXBuildFile; fileRef = BC0A58441E728F2C0077C8A9 /* AutoScroller.m */; };
		BC0A58491E7299900077C8A9 /* BillTableViewCell.m in Sources */ = {isa = PBXBuildFile; fileRef = BC0A58471E7299900077C8A9 /* BillTableViewCell.m */; };
		BC0A584A1E7299900077C8A9 /* BillTableViewCell.xib in Resources */ = {isa = PBXBuildFile; fileRef = BC0A58481E7299900077C8A9 /* BillTableViewCell.xib */; };
		BC0A584E1E72A0680077C8A9 /* BillConsumptionTableViewCell.m in Sources */ = {isa = PBXBuildFile; fileRef = BC0A584C1E72A0680077C8A9 /* BillConsumptionTableViewCell.m */; };
		BC0A584F1E72A0680077C8A9 /* BillConsumptionTableViewCell.xib in Resources */ = {isa = PBXBuildFile; fileRef = BC0A584D1E72A0680077C8A9 /* BillConsumptionTableViewCell.xib */; };
		BC2C21961E4DAD3700AAFEFE /* ManagerBankCardViewController.m in Sources */ = {isa = PBXBuildFile; fileRef = BC2C21941E4DAD3700AAFEFE /* ManagerBankCardViewController.m */; };
		BC2C21971E4DAD3700AAFEFE /* ManagerBankCardViewController.xib in Resources */ = {isa = PBXBuildFile; fileRef = BC2C21951E4DAD3700AAFEFE /* ManagerBankCardViewController.xib */; };
		BC2C219A1E4DAF1300AAFEFE /* PGIndexBannerSubiew.m in Sources */ = {isa = PBXBuildFile; fileRef = BC2C21991E4DAF1300AAFEFE /* PGIndexBannerSubiew.m */; };
		BC2C219D1E4DAF1900AAFEFE /* NewPagedFlowView.m in Sources */ = {isa = PBXBuildFile; fileRef = BC2C219C1E4DAF1900AAFEFE /* NewPagedFlowView.m */; };
		BC4AABDF1E4D69E2006568A6 /* main.m in Sources */ = {isa = PBXBuildFile; fileRef = BC4AABDE1E4D69E2006568A6 /* main.m */; };
		BC4AABE21E4D69E2006568A6 /* AppDelegate.m in Sources */ = {isa = PBXBuildFile; fileRef = BC4AABE11E4D69E2006568A6 /* AppDelegate.m */; };
		BC4AABE81E4D69E2006568A6 /* Main.storyboard in Resources */ = {isa = PBXBuildFile; fileRef = BC4AABE61E4D69E2006568A6 /* Main.storyboard */; };
		BC4AABEB1E4D69E2006568A6 /* ShellCoin.xcdatamodeld in Sources */ = {isa = PBXBuildFile; fileRef = BC4AABE91E4D69E2006568A6 /* ShellCoin.xcdatamodeld */; };
		BC4AABED1E4D69E2006568A6 /* Assets.xcassets in Resources */ = {isa = PBXBuildFile; fileRef = BC4AABEC1E4D69E2006568A6 /* Assets.xcassets */; };
		BC4AABF01E4D69E2006568A6 /* LaunchScreen.storyboard in Resources */ = {isa = PBXBuildFile; fileRef = BC4AABEE1E4D69E2006568A6 /* LaunchScreen.storyboard */; };
		BC4AABFB1E4D69E2006568A6 /* ShellCoinTests.m in Sources */ = {isa = PBXBuildFile; fileRef = BC4AABFA1E4D69E2006568A6 /* ShellCoinTests.m */; };
		BC4AAC061E4D69E2006568A6 /* ShellCoinUITests.m in Sources */ = {isa = PBXBuildFile; fileRef = BC4AAC051E4D69E2006568A6 /* ShellCoinUITests.m */; };
		BC4AAC151E4D6DBB006568A6 /* RootViewController.m in Sources */ = {isa = PBXBuildFile; fileRef = BC4AAC141E4D6DBB006568A6 /* RootViewController.m */; };
		BC4AAC1A1E4D6E5B006568A6 /* HomeViewController.m in Sources */ = {isa = PBXBuildFile; fileRef = BC4AAC191E4D6E5B006568A6 /* HomeViewController.m */; };
		BC4AAC291E4D6E7D006568A6 /* BaseCollectionViewCell.m in Sources */ = {isa = PBXBuildFile; fileRef = BC4AAC1D1E4D6E7D006568A6 /* BaseCollectionViewCell.m */; };
		BC4AAC2A1E4D6E7D006568A6 /* BaseHtmlViewController.m in Sources */ = {isa = PBXBuildFile; fileRef = BC4AAC1F1E4D6E7D006568A6 /* BaseHtmlViewController.m */; };
		BC4AAC2B1E4D6E7D006568A6 /* BaseModel.m in Sources */ = {isa = PBXBuildFile; fileRef = BC4AAC211E4D6E7D006568A6 /* BaseModel.m */; };
		BC4AAC2C1E4D6E7D006568A6 /* BaseNavigationBar.m in Sources */ = {isa = PBXBuildFile; fileRef = BC4AAC231E4D6E7D006568A6 /* BaseNavigationBar.m */; };
		BC4AAC2D1E4D6E7D006568A6 /* BaseNavigationBar.xib in Resources */ = {isa = PBXBuildFile; fileRef = BC4AAC241E4D6E7D006568A6 /* BaseNavigationBar.xib */; };
		BC4AAC2E1E4D6E7D006568A6 /* BaseTableViewCell.m in Sources */ = {isa = PBXBuildFile; fileRef = BC4AAC261E4D6E7D006568A6 /* BaseTableViewCell.m */; };
		BC4AAC2F1E4D6E7D006568A6 /* BaseViewController.m in Sources */ = {isa = PBXBuildFile; fileRef = BC4AAC281E4D6E7D006568A6 /* BaseViewController.m */; };
		BC4AAC351E4D7562006568A6 /* JAlertViewHelper.m in Sources */ = {isa = PBXBuildFile; fileRef = BC4AAC341E4D7562006568A6 /* JAlertViewHelper.m */; };
		BC4AAC381E4D8D51006568A6 /* MineViewController.m in Sources */ = {isa = PBXBuildFile; fileRef = BC4AAC371E4D8D51006568A6 /* MineViewController.m */; };
		BC4AAC3C1E4D8F7B006568A6 /* MineTableViewCell.m in Sources */ = {isa = PBXBuildFile; fileRef = BC4AAC3A1E4D8F7B006568A6 /* MineTableViewCell.m */; };
		BC4AAC3D1E4D8F7B006568A6 /* MineTableViewCell.xib in Resources */ = {isa = PBXBuildFile; fileRef = BC4AAC3B1E4D8F7B006568A6 /* MineTableViewCell.xib */; };
		BCBFF3CD1E5C207D00AFFE36 /* BanCardDetailTableViewCell.m in Sources */ = {isa = PBXBuildFile; fileRef = BCBFF3CB1E5C207D00AFFE36 /* BanCardDetailTableViewCell.m */; };
		BCBFF3CE1E5C207D00AFFE36 /* BanCardDetailTableViewCell.xib in Resources */ = {isa = PBXBuildFile; fileRef = BCBFF3CC1E5C207D00AFFE36 /* BanCardDetailTableViewCell.xib */; };
		BCBFF3D31E5C24A000AFFE36 /* PersonCenterViewController.m in Sources */ = {isa = PBXBuildFile; fileRef = BCBFF3D11E5C24A000AFFE36 /* PersonCenterViewController.m */; };
		BCBFF3D41E5C24A000AFFE36 /* PersonCenterViewController.xib in Resources */ = {isa = PBXBuildFile; fileRef = BCBFF3D21E5C24A000AFFE36 /* PersonCenterViewController.xib */; };
		BCBFF3D81E5C2B7500AFFE36 /* PersonCenterTableViewCell.m in Sources */ = {isa = PBXBuildFile; fileRef = BCBFF3D61E5C2B7500AFFE36 /* PersonCenterTableViewCell.m */; };
		BCBFF3D91E5C2B7500AFFE36 /* PersonCenterTableViewCell.xib in Resources */ = {isa = PBXBuildFile; fileRef = BCBFF3D71E5C2B7500AFFE36 /* PersonCenterTableViewCell.xib */; };
		BCBFF3DB1E5C2E9300AFFE36 /* header.jpg in Resources */ = {isa = PBXBuildFile; fileRef = BCBFF3DA1E5C2E9300AFFE36 /* header.jpg */; };
		BCBFF3DF1E5C370700AFFE36 /* EditBankInfoViewController.m in Sources */ = {isa = PBXBuildFile; fileRef = BCBFF3DD1E5C370700AFFE36 /* EditBankInfoViewController.m */; };
		BCBFF3E01E5C370700AFFE36 /* EditBankInfoViewController.xib in Resources */ = {isa = PBXBuildFile; fileRef = BCBFF3DE1E5C370700AFFE36 /* EditBankInfoViewController.xib */; };
		BCCAF40F1E5C381100E08A99 /* EditbankInfoTableViewCell.m in Sources */ = {isa = PBXBuildFile; fileRef = BCCAF40D1E5C381100E08A99 /* EditbankInfoTableViewCell.m */; };
		BCCAF4101E5C381100E08A99 /* EditbankInfoTableViewCell.xib in Resources */ = {isa = PBXBuildFile; fileRef = BCCAF40E1E5C381100E08A99 /* EditbankInfoTableViewCell.xib */; };
		BCE5EED71E5C41030055D828 /* Colours.m in Sources */ = {isa = PBXBuildFile; fileRef = BCE5EED61E5C41030055D828 /* Colours.m */; };
		BCE5EED91E5C41900055D828 /* Mine.xcassets in Resources */ = {isa = PBXBuildFile; fileRef = BCE5EED81E5C41900055D828 /* Mine.xcassets */; };
/* End PBXBuildFile section */

/* Begin PBXContainerItemProxy section */
		BC4AABF71E4D69E2006568A6 /* PBXContainerItemProxy */ = {
			isa = PBXContainerItemProxy;
			containerPortal = BC4AABD21E4D69E1006568A6 /* Project object */;
			proxyType = 1;
			remoteGlobalIDString = BC4AABD91E4D69E1006568A6;
			remoteInfo = ShellCoin;
		};
		BC4AAC021E4D69E2006568A6 /* PBXContainerItemProxy */ = {
			isa = PBXContainerItemProxy;
			containerPortal = BC4AABD21E4D69E1006568A6 /* Project object */;
			proxyType = 1;
			remoteGlobalIDString = BC4AABD91E4D69E1006568A6;
			remoteInfo = ShellCoin;
		};
/* End PBXContainerItemProxy section */

/* Begin PBXFileReference section */
		5674F83A9666780E4483DE0A /* Pods-ShellCoin.release.xcconfig */ = {isa = PBXFileReference; includeInIndex = 1; lastKnownFileType = text.xcconfig; name = "Pods-ShellCoin.release.xcconfig"; path = "Pods/Target Support Files/Pods-ShellCoin/Pods-ShellCoin.release.xcconfig"; sourceTree = "<group>"; };
		BC07FC601E4DBF0A00F1B0FA /* ManageBankView.h */ = {isa = PBXFileReference; fileEncoding = 4; lastKnownFileType = sourcecode.c.h; path = ManageBankView.h; sourceTree = "<group>"; };
		BC07FC611E4DBF0A00F1B0FA /* ManageBankView.m */ = {isa = PBXFileReference; fileEncoding = 4; lastKnownFileType = sourcecode.c.objc; path = ManageBankView.m; sourceTree = "<group>"; };
		BC07FC631E4DBF1A00F1B0FA /* ManageBankView.xib */ = {isa = PBXFileReference; fileEncoding = 4; lastKnownFileType = file.xib; path = ManageBankView.xib; sourceTree = "<group>"; };
		BC0A58181E724ADA0077C8A9 /* 213955937960616.cer */ = {isa = PBXFileReference; fileEncoding = 4; lastKnownFileType = text; path = 213955937960616.cer; sourceTree = "<group>"; };
		BC0A58191E724ADA0077C8A9 /* BaseHttpClient.h */ = {isa = PBXFileReference; fileEncoding = 4; lastKnownFileType = sourcecode.c.h; path = BaseHttpClient.h; sourceTree = "<group>"; };
		BC0A581A1E724ADA0077C8A9 /* BaseHttpClient.m */ = {isa = PBXFileReference; fileEncoding = 4; lastKnownFileType = sourcecode.c.objc; path = BaseHttpClient.m; sourceTree = "<group>"; };
		BC0A581B1E724ADA0077C8A9 /* HttpClient.h */ = {isa = PBXFileReference; fileEncoding = 4; lastKnownFileType = sourcecode.c.h; path = HttpClient.h; sourceTree = "<group>"; };
		BC0A581C1E724ADA0077C8A9 /* HttpClient.m */ = {isa = PBXFileReference; fileEncoding = 4; lastKnownFileType = sourcecode.c.objc; path = HttpClient.m; sourceTree = "<group>"; };
		BC0A581D1E724ADA0077C8A9 /* HttpClient_Readme.txt */ = {isa = PBXFileReference; fileEncoding = 4; lastKnownFileType = text; path = HttpClient_Readme.txt; sourceTree = "<group>"; };
		BC0A581E1E724ADA0077C8A9 /* HttpClientAlertViewHelper.h */ = {isa = PBXFileReference; fileEncoding = 4; lastKnownFileType = sourcecode.c.h; path = HttpClientAlertViewHelper.h; sourceTree = "<group>"; };
		BC0A581F1E724ADA0077C8A9 /* HttpClientAlertViewHelper.m */ = {isa = PBXFileReference; fileEncoding = 4; lastKnownFileType = sourcecode.c.objc; path = HttpClientAlertViewHelper.m; sourceTree = "<group>"; };
		BC0A58201E724ADA0077C8A9 /* HttpClientConstant.h */ = {isa = PBXFileReference; fileEncoding = 4; lastKnownFileType = sourcecode.c.h; path = HttpClientConstant.h; sourceTree = "<group>"; };
		BC0A58211E724ADA0077C8A9 /* NetworkRequestProtocal.h */ = {isa = PBXFileReference; fileEncoding = 4; lastKnownFileType = sourcecode.c.h; path = NetworkRequestProtocal.h; sourceTree = "<group>"; };
		BC0A58271E724D090077C8A9 /* BankPickView.h */ = {isa = PBXFileReference; fileEncoding = 4; lastKnownFileType = sourcecode.c.h; path = BankPickView.h; sourceTree = "<group>"; };
		BC0A58281E724D090077C8A9 /* BankPickView.m */ = {isa = PBXFileReference; fileEncoding = 4; lastKnownFileType = sourcecode.c.objc; path = BankPickView.m; sourceTree = "<group>"; };
		BC0A58291E724D090077C8A9 /* city.plist */ = {isa = PBXFileReference; fileEncoding = 4; lastKnownFileType = text.plist.xml; path = city.plist; sourceTree = "<group>"; };
		BC0A582D1E7282250077C8A9 /* SetViewController.h */ = {isa = PBXFileReference; fileEncoding = 4; lastKnownFileType = sourcecode.c.h; path = SetViewController.h; sourceTree = "<group>"; };
		BC0A582E1E7282250077C8A9 /* SetViewController.m */ = {isa = PBXFileReference; fileEncoding = 4; lastKnownFileType = sourcecode.c.objc; path = SetViewController.m; sourceTree = "<group>"; };
		BC0A582F1E7282250077C8A9 /* SetViewController.xib */ = {isa = PBXFileReference; fileEncoding = 4; lastKnownFileType = file.xib; path = SetViewController.xib; sourceTree = "<group>"; };
		BC0A58321E72832E0077C8A9 /* SetTableViewCell.h */ = {isa = PBXFileReference; fileEncoding = 4; lastKnownFileType = sourcecode.c.h; path = SetTableViewCell.h; sourceTree = "<group>"; };
		BC0A58331E72832E0077C8A9 /* SetTableViewCell.m */ = {isa = PBXFileReference; fileEncoding = 4; lastKnownFileType = sourcecode.c.objc; path = SetTableViewCell.m; sourceTree = "<group>"; };
		BC0A58341E72832E0077C8A9 /* SetTableViewCell.xib */ = {isa = PBXFileReference; fileEncoding = 4; lastKnownFileType = file.xib; path = SetTableViewCell.xib; sourceTree = "<group>"; };
		BC0A58371E728C510077C8A9 /* SortButtonSwitchView.h */ = {isa = PBXFileReference; fileEncoding = 4; lastKnownFileType = sourcecode.c.h; path = SortButtonSwitchView.h; sourceTree = "<group>"; };
		BC0A58381E728C510077C8A9 /* SortButtonSwitchView.m */ = {isa = PBXFileReference; fileEncoding = 4; lastKnownFileType = sourcecode.c.objc; path = SortButtonSwitchView.m; sourceTree = "<group>"; };
		BC0A583B1E728D520077C8A9 /* BillViewController.h */ = {isa = PBXFileReference; fileEncoding = 4; lastKnownFileType = sourcecode.c.h; path = BillViewController.h; sourceTree = "<group>"; };
		BC0A583C1E728D520077C8A9 /* BillViewController.m */ = {isa = PBXFileReference; fileEncoding = 4; lastKnownFileType = sourcecode.c.objc; path = BillViewController.m; sourceTree = "<group>"; };
		BC0A583D1E728D520077C8A9 /* BillViewController.xib */ = {isa = PBXFileReference; fileEncoding = 4; lastKnownFileType = file.xib; path = BillViewController.xib; sourceTree = "<group>"; };
		BC0A58401E728F050077C8A9 /* SwipeView.h */ = {isa = PBXFileReference; fileEncoding = 4; lastKnownFileType = sourcecode.c.h; path = SwipeView.h; sourceTree = "<group>"; };
		BC0A58411E728F050077C8A9 /* SwipeView.m */ = {isa = PBXFileReference; fileEncoding = 4; lastKnownFileType = sourcecode.c.objc; path = SwipeView.m; sourceTree = "<group>"; };
		BC0A58431E728F2C0077C8A9 /* AutoScroller.h */ = {isa = PBXFileReference; fileEncoding = 4; lastKnownFileType = sourcecode.c.h; path = AutoScroller.h; sourceTree = "<group>"; };
		BC0A58441E728F2C0077C8A9 /* AutoScroller.m */ = {isa = PBXFileReference; fileEncoding = 4; lastKnownFileType = sourcecode.c.objc; path = AutoScroller.m; sourceTree = "<group>"; };
		BC0A58461E7299900077C8A9 /* BillTableViewCell.h */ = {isa = PBXFileReference; fileEncoding = 4; lastKnownFileType = sourcecode.c.h; path = BillTableViewCell.h; sourceTree = "<group>"; };
		BC0A58471E7299900077C8A9 /* BillTableViewCell.m */ = {isa = PBXFileReference; fileEncoding = 4; lastKnownFileType = sourcecode.c.objc; path = BillTableViewCell.m; sourceTree = "<group>"; };
		BC0A58481E7299900077C8A9 /* BillTableViewCell.xib */ = {isa = PBXFileReference; fileEncoding = 4; lastKnownFileType = file.xib; path = BillTableViewCell.xib; sourceTree = "<group>"; };
		BC0A584B1E72A0680077C8A9 /* BillConsumptionTableViewCell.h */ = {isa = PBXFileReference; fileEncoding = 4; lastKnownFileType = sourcecode.c.h; path = BillConsumptionTableViewCell.h; sourceTree = "<group>"; };
		BC0A584C1E72A0680077C8A9 /* BillConsumptionTableViewCell.m */ = {isa = PBXFileReference; fileEncoding = 4; lastKnownFileType = sourcecode.c.objc; path = BillConsumptionTableViewCell.m; sourceTree = "<group>"; };
		BC0A584D1E72A0680077C8A9 /* BillConsumptionTableViewCell.xib */ = {isa = PBXFileReference; fileEncoding = 4; lastKnownFileType = file.xib; path = BillConsumptionTableViewCell.xib; sourceTree = "<group>"; };
		BC2C21931E4DAD3700AAFEFE /* ManagerBankCardViewController.h */ = {isa = PBXFileReference; fileEncoding = 4; lastKnownFileType = sourcecode.c.h; path = ManagerBankCardViewController.h; sourceTree = "<group>"; };
		BC2C21941E4DAD3700AAFEFE /* ManagerBankCardViewController.m */ = {isa = PBXFileReference; fileEncoding = 4; lastKnownFileType = sourcecode.c.objc; path = ManagerBankCardViewController.m; sourceTree = "<group>"; };
		BC2C21951E4DAD3700AAFEFE /* ManagerBankCardViewController.xib */ = {isa = PBXFileReference; fileEncoding = 4; lastKnownFileType = file.xib; path = ManagerBankCardViewController.xib; sourceTree = "<group>"; };
		BC2C21981E4DAF1300AAFEFE /* PGIndexBannerSubiew.h */ = {isa = PBXFileReference; fileEncoding = 4; lastKnownFileType = sourcecode.c.h; path = PGIndexBannerSubiew.h; sourceTree = "<group>"; };
		BC2C21991E4DAF1300AAFEFE /* PGIndexBannerSubiew.m */ = {isa = PBXFileReference; fileEncoding = 4; lastKnownFileType = sourcecode.c.objc; path = PGIndexBannerSubiew.m; sourceTree = "<group>"; };
		BC2C219B1E4DAF1900AAFEFE /* NewPagedFlowView.h */ = {isa = PBXFileReference; fileEncoding = 4; lastKnownFileType = sourcecode.c.h; path = NewPagedFlowView.h; sourceTree = "<group>"; };
		BC2C219C1E4DAF1900AAFEFE /* NewPagedFlowView.m */ = {isa = PBXFileReference; fileEncoding = 4; lastKnownFileType = sourcecode.c.objc; path = NewPagedFlowView.m; sourceTree = "<group>"; };
		BC4AABDA1E4D69E2006568A6 /* ShellCoin.app */ = {isa = PBXFileReference; explicitFileType = wrapper.application; includeInIndex = 0; path = ShellCoin.app; sourceTree = BUILT_PRODUCTS_DIR; };
		BC4AABDE1E4D69E2006568A6 /* main.m */ = {isa = PBXFileReference; lastKnownFileType = sourcecode.c.objc; path = main.m; sourceTree = "<group>"; };
		BC4AABE01E4D69E2006568A6 /* AppDelegate.h */ = {isa = PBXFileReference; lastKnownFileType = sourcecode.c.h; path = AppDelegate.h; sourceTree = "<group>"; };
		BC4AABE11E4D69E2006568A6 /* AppDelegate.m */ = {isa = PBXFileReference; lastKnownFileType = sourcecode.c.objc; path = AppDelegate.m; sourceTree = "<group>"; };
		BC4AABE71E4D69E2006568A6 /* Base */ = {isa = PBXFileReference; lastKnownFileType = file.storyboard; name = Base; path = Base.lproj/Main.storyboard; sourceTree = "<group>"; };
		BC4AABEA1E4D69E2006568A6 /* ShellCoin.xcdatamodel */ = {isa = PBXFileReference; lastKnownFileType = wrapper.xcdatamodel; path = ShellCoin.xcdatamodel; sourceTree = "<group>"; };
		BC4AABEC1E4D69E2006568A6 /* Assets.xcassets */ = {isa = PBXFileReference; lastKnownFileType = folder.assetcatalog; path = Assets.xcassets; sourceTree = "<group>"; };
		BC4AABEF1E4D69E2006568A6 /* Base */ = {isa = PBXFileReference; lastKnownFileType = file.storyboard; name = Base; path = Base.lproj/LaunchScreen.storyboard; sourceTree = "<group>"; };
		BC4AABF11E4D69E2006568A6 /* Info.plist */ = {isa = PBXFileReference; lastKnownFileType = text.plist.xml; path = Info.plist; sourceTree = "<group>"; };
		BC4AABF61E4D69E2006568A6 /* ShellCoinTests.xctest */ = {isa = PBXFileReference; explicitFileType = wrapper.cfbundle; includeInIndex = 0; path = ShellCoinTests.xctest; sourceTree = BUILT_PRODUCTS_DIR; };
		BC4AABFA1E4D69E2006568A6 /* ShellCoinTests.m */ = {isa = PBXFileReference; lastKnownFileType = sourcecode.c.objc; path = ShellCoinTests.m; sourceTree = "<group>"; };
		BC4AABFC1E4D69E2006568A6 /* Info.plist */ = {isa = PBXFileReference; lastKnownFileType = text.plist.xml; path = Info.plist; sourceTree = "<group>"; };
		BC4AAC011E4D69E2006568A6 /* ShellCoinUITests.xctest */ = {isa = PBXFileReference; explicitFileType = wrapper.cfbundle; includeInIndex = 0; path = ShellCoinUITests.xctest; sourceTree = BUILT_PRODUCTS_DIR; };
		BC4AAC051E4D69E2006568A6 /* ShellCoinUITests.m */ = {isa = PBXFileReference; lastKnownFileType = sourcecode.c.objc; path = ShellCoinUITests.m; sourceTree = "<group>"; };
		BC4AAC071E4D69E2006568A6 /* Info.plist */ = {isa = PBXFileReference; lastKnownFileType = text.plist.xml; path = Info.plist; sourceTree = "<group>"; };
		BC4AAC131E4D6DBB006568A6 /* RootViewController.h */ = {isa = PBXFileReference; fileEncoding = 4; lastKnownFileType = sourcecode.c.h; path = RootViewController.h; sourceTree = "<group>"; };
		BC4AAC141E4D6DBB006568A6 /* RootViewController.m */ = {isa = PBXFileReference; fileEncoding = 4; lastKnownFileType = sourcecode.c.objc; path = RootViewController.m; sourceTree = "<group>"; };
		BC4AAC181E4D6E5B006568A6 /* HomeViewController.h */ = {isa = PBXFileReference; fileEncoding = 4; lastKnownFileType = sourcecode.c.h; path = HomeViewController.h; sourceTree = "<group>"; };
		BC4AAC191E4D6E5B006568A6 /* HomeViewController.m */ = {isa = PBXFileReference; fileEncoding = 4; lastKnownFileType = sourcecode.c.objc; path = HomeViewController.m; sourceTree = "<group>"; };
		BC4AAC1C1E4D6E7D006568A6 /* BaseCollectionViewCell.h */ = {isa = PBXFileReference; fileEncoding = 4; lastKnownFileType = sourcecode.c.h; path = BaseCollectionViewCell.h; sourceTree = "<group>"; };
		BC4AAC1D1E4D6E7D006568A6 /* BaseCollectionViewCell.m */ = {isa = PBXFileReference; fileEncoding = 4; lastKnownFileType = sourcecode.c.objc; path = BaseCollectionViewCell.m; sourceTree = "<group>"; };
		BC4AAC1E1E4D6E7D006568A6 /* BaseHtmlViewController.h */ = {isa = PBXFileReference; fileEncoding = 4; lastKnownFileType = sourcecode.c.h; path = BaseHtmlViewController.h; sourceTree = "<group>"; };
		BC4AAC1F1E4D6E7D006568A6 /* BaseHtmlViewController.m */ = {isa = PBXFileReference; fileEncoding = 4; lastKnownFileType = sourcecode.c.objc; path = BaseHtmlViewController.m; sourceTree = "<group>"; };
		BC4AAC201E4D6E7D006568A6 /* BaseModel.h */ = {isa = PBXFileReference; fileEncoding = 4; lastKnownFileType = sourcecode.c.h; path = BaseModel.h; sourceTree = "<group>"; };
		BC4AAC211E4D6E7D006568A6 /* BaseModel.m */ = {isa = PBXFileReference; fileEncoding = 4; lastKnownFileType = sourcecode.c.objc; path = BaseModel.m; sourceTree = "<group>"; };
		BC4AAC221E4D6E7D006568A6 /* BaseNavigationBar.h */ = {isa = PBXFileReference; fileEncoding = 4; lastKnownFileType = sourcecode.c.h; path = BaseNavigationBar.h; sourceTree = "<group>"; };
		BC4AAC231E4D6E7D006568A6 /* BaseNavigationBar.m */ = {isa = PBXFileReference; fileEncoding = 4; lastKnownFileType = sourcecode.c.objc; path = BaseNavigationBar.m; sourceTree = "<group>"; };
		BC4AAC241E4D6E7D006568A6 /* BaseNavigationBar.xib */ = {isa = PBXFileReference; fileEncoding = 4; lastKnownFileType = file.xib; path = BaseNavigationBar.xib; sourceTree = "<group>"; };
		BC4AAC251E4D6E7D006568A6 /* BaseTableViewCell.h */ = {isa = PBXFileReference; fileEncoding = 4; lastKnownFileType = sourcecode.c.h; path = BaseTableViewCell.h; sourceTree = "<group>"; };
		BC4AAC261E4D6E7D006568A6 /* BaseTableViewCell.m */ = {isa = PBXFileReference; fileEncoding = 4; lastKnownFileType = sourcecode.c.objc; path = BaseTableViewCell.m; sourceTree = "<group>"; };
		BC4AAC271E4D6E7D006568A6 /* BaseViewController.h */ = {isa = PBXFileReference; fileEncoding = 4; lastKnownFileType = sourcecode.c.h; path = BaseViewController.h; sourceTree = "<group>"; };
		BC4AAC281E4D6E7D006568A6 /* BaseViewController.m */ = {isa = PBXFileReference; fileEncoding = 4; lastKnownFileType = sourcecode.c.objc; path = BaseViewController.m; sourceTree = "<group>"; };
		BC4AAC301E4D7006006568A6 /* PrefixHeader.pch */ = {isa = PBXFileReference; fileEncoding = 4; lastKnownFileType = sourcecode.c.h; path = PrefixHeader.pch; sourceTree = "<group>"; };
		BC4AAC311E4D74FD006568A6 /* TTXMacro.h */ = {isa = PBXFileReference; fileEncoding = 4; lastKnownFileType = sourcecode.c.h; path = TTXMacro.h; sourceTree = "<group>"; };
		BC4AAC331E4D7562006568A6 /* JAlertViewHelper.h */ = {isa = PBXFileReference; fileEncoding = 4; lastKnownFileType = sourcecode.c.h; path = JAlertViewHelper.h; sourceTree = "<group>"; };
		BC4AAC341E4D7562006568A6 /* JAlertViewHelper.m */ = {isa = PBXFileReference; fileEncoding = 4; lastKnownFileType = sourcecode.c.objc; path = JAlertViewHelper.m; sourceTree = "<group>"; };
		BC4AAC361E4D8D51006568A6 /* MineViewController.h */ = {isa = PBXFileReference; fileEncoding = 4; lastKnownFileType = sourcecode.c.h; path = MineViewController.h; sourceTree = "<group>"; };
		BC4AAC371E4D8D51006568A6 /* MineViewController.m */ = {isa = PBXFileReference; fileEncoding = 4; lastKnownFileType = sourcecode.c.objc; path = MineViewController.m; sourceTree = "<group>"; };
		BC4AAC391E4D8F7B006568A6 /* MineTableViewCell.h */ = {isa = PBXFileReference; fileEncoding = 4; lastKnownFileType = sourcecode.c.h; path = MineTableViewCell.h; sourceTree = "<group>"; };
		BC4AAC3A1E4D8F7B006568A6 /* MineTableViewCell.m */ = {isa = PBXFileReference; fileEncoding = 4; lastKnownFileType = sourcecode.c.objc; path = MineTableViewCell.m; sourceTree = "<group>"; };
		BC4AAC3B1E4D8F7B006568A6 /* MineTableViewCell.xib */ = {isa = PBXFileReference; fileEncoding = 4; lastKnownFileType = file.xib; path = MineTableViewCell.xib; sourceTree = "<group>"; };
		BCBFF3CA1E5C207D00AFFE36 /* BanCardDetailTableViewCell.h */ = {isa = PBXFileReference; fileEncoding = 4; lastKnownFileType = sourcecode.c.h; path = BanCardDetailTableViewCell.h; sourceTree = "<group>"; };
		BCBFF3CB1E5C207D00AFFE36 /* BanCardDetailTableViewCell.m */ = {isa = PBXFileReference; fileEncoding = 4; lastKnownFileType = sourcecode.c.objc; path = BanCardDetailTableViewCell.m; sourceTree = "<group>"; };
		BCBFF3CC1E5C207D00AFFE36 /* BanCardDetailTableViewCell.xib */ = {isa = PBXFileReference; fileEncoding = 4; lastKnownFileType = file.xib; path = BanCardDetailTableViewCell.xib; sourceTree = "<group>"; };
		BCBFF3D01E5C24A000AFFE36 /* PersonCenterViewController.h */ = {isa = PBXFileReference; fileEncoding = 4; lastKnownFileType = sourcecode.c.h; path = PersonCenterViewController.h; sourceTree = "<group>"; };
		BCBFF3D11E5C24A000AFFE36 /* PersonCenterViewController.m */ = {isa = PBXFileReference; fileEncoding = 4; lastKnownFileType = sourcecode.c.objc; path = PersonCenterViewController.m; sourceTree = "<group>"; };
		BCBFF3D21E5C24A000AFFE36 /* PersonCenterViewController.xib */ = {isa = PBXFileReference; fileEncoding = 4; lastKnownFileType = file.xib; path = PersonCenterViewController.xib; sourceTree = "<group>"; };
		BCBFF3D51E5C2B7500AFFE36 /* PersonCenterTableViewCell.h */ = {isa = PBXFileReference; fileEncoding = 4; lastKnownFileType = sourcecode.c.h; path = PersonCenterTableViewCell.h; sourceTree = "<group>"; };
		BCBFF3D61E5C2B7500AFFE36 /* PersonCenterTableViewCell.m */ = {isa = PBXFileReference; fileEncoding = 4; lastKnownFileType = sourcecode.c.objc; path = PersonCenterTableViewCell.m; sourceTree = "<group>"; };
		BCBFF3D71E5C2B7500AFFE36 /* PersonCenterTableViewCell.xib */ = {isa = PBXFileReference; fileEncoding = 4; lastKnownFileType = file.xib; path = PersonCenterTableViewCell.xib; sourceTree = "<group>"; };
		BCBFF3DA1E5C2E9300AFFE36 /* header.jpg */ = {isa = PBXFileReference; lastKnownFileType = image.jpeg; path = header.jpg; sourceTree = "<group>"; };
		BCBFF3DC1E5C370700AFFE36 /* EditBankInfoViewController.h */ = {isa = PBXFileReference; fileEncoding = 4; lastKnownFileType = sourcecode.c.h; path = EditBankInfoViewController.h; sourceTree = "<group>"; };
		BCBFF3DD1E5C370700AFFE36 /* EditBankInfoViewController.m */ = {isa = PBXFileReference; fileEncoding = 4; lastKnownFileType = sourcecode.c.objc; path = EditBankInfoViewController.m; sourceTree = "<group>"; };
		BCBFF3DE1E5C370700AFFE36 /* EditBankInfoViewController.xib */ = {isa = PBXFileReference; fileEncoding = 4; lastKnownFileType = file.xib; path = EditBankInfoViewController.xib; sourceTree = "<group>"; };
		BCCAF40C1E5C381100E08A99 /* EditbankInfoTableViewCell.h */ = {isa = PBXFileReference; fileEncoding = 4; lastKnownFileType = sourcecode.c.h; path = EditbankInfoTableViewCell.h; sourceTree = "<group>"; };
		BCCAF40D1E5C381100E08A99 /* EditbankInfoTableViewCell.m */ = {isa = PBXFileReference; fileEncoding = 4; lastKnownFileType = sourcecode.c.objc; path = EditbankInfoTableViewCell.m; sourceTree = "<group>"; };
		BCCAF40E1E5C381100E08A99 /* EditbankInfoTableViewCell.xib */ = {isa = PBXFileReference; fileEncoding = 4; lastKnownFileType = file.xib; path = EditbankInfoTableViewCell.xib; sourceTree = "<group>"; };
		BCE5EED51E5C41030055D828 /* Colours.h */ = {isa = PBXFileReference; fileEncoding = 4; lastKnownFileType = sourcecode.c.h; path = Colours.h; sourceTree = "<group>"; };
		BCE5EED61E5C41030055D828 /* Colours.m */ = {isa = PBXFileReference; fileEncoding = 4; lastKnownFileType = sourcecode.c.objc; path = Colours.m; sourceTree = "<group>"; };
		BCE5EED81E5C41900055D828 /* Mine.xcassets */ = {isa = PBXFileReference; lastKnownFileType = folder.assetcatalog; path = Mine.xcassets; sourceTree = "<group>"; };
		BEFB67E1918B5BA80284D66F /* libPods-ShellCoin.a */ = {isa = PBXFileReference; explicitFileType = archive.ar; includeInIndex = 0; path = "libPods-ShellCoin.a"; sourceTree = BUILT_PRODUCTS_DIR; };
		C11C2EEE802957925FA5F0C7 /* Pods-ShellCoin.debug.xcconfig */ = {isa = PBXFileReference; includeInIndex = 1; lastKnownFileType = text.xcconfig; name = "Pods-ShellCoin.debug.xcconfig"; path = "Pods/Target Support Files/Pods-ShellCoin/Pods-ShellCoin.debug.xcconfig"; sourceTree = "<group>"; };
/* End PBXFileReference section */

/* Begin PBXFrameworksBuildPhase section */
		BC4AABD71E4D69E1006568A6 /* Frameworks */ = {
			isa = PBXFrameworksBuildPhase;
			buildActionMask = 2147483647;
			files = (
				2FF6447AE4B485C166C57676 /* libPods-ShellCoin.a in Frameworks */,
			);
			runOnlyForDeploymentPostprocessing = 0;
		};
		BC4AABF31E4D69E2006568A6 /* Frameworks */ = {
			isa = PBXFrameworksBuildPhase;
			buildActionMask = 2147483647;
			files = (
			);
			runOnlyForDeploymentPostprocessing = 0;
		};
		BC4AABFE1E4D69E2006568A6 /* Frameworks */ = {
			isa = PBXFrameworksBuildPhase;
			buildActionMask = 2147483647;
			files = (
			);
			runOnlyForDeploymentPostprocessing = 0;
		};
/* End PBXFrameworksBuildPhase section */

/* Begin PBXGroup section */
		8E874A13AFBED68568C7A647 /* Pods */ = {
			isa = PBXGroup;
			children = (
				C11C2EEE802957925FA5F0C7 /* Pods-ShellCoin.debug.xcconfig */,
				5674F83A9666780E4483DE0A /* Pods-ShellCoin.release.xcconfig */,
			);
			name = Pods;
			sourceTree = "<group>";
		};
		BC0A58171E724ADA0077C8A9 /* HttpClient */ = {
			isa = PBXGroup;
			children = (
				BC0A58181E724ADA0077C8A9 /* 213955937960616.cer */,
				BC0A58191E724ADA0077C8A9 /* BaseHttpClient.h */,
				BC0A581A1E724ADA0077C8A9 /* BaseHttpClient.m */,
				BC0A581B1E724ADA0077C8A9 /* HttpClient.h */,
				BC0A581C1E724ADA0077C8A9 /* HttpClient.m */,
				BC0A581D1E724ADA0077C8A9 /* HttpClient_Readme.txt */,
				BC0A581E1E724ADA0077C8A9 /* HttpClientAlertViewHelper.h */,
				BC0A581F1E724ADA0077C8A9 /* HttpClientAlertViewHelper.m */,
				BC0A58201E724ADA0077C8A9 /* HttpClientConstant.h */,
				BC0A58211E724ADA0077C8A9 /* NetworkRequestProtocal.h */,
			);
			path = HttpClient;
			sourceTree = "<group>";
		};
		BC0A582C1E7282180077C8A9 /* Set */ = {
			isa = PBXGroup;
			children = (
				BC0A582D1E7282250077C8A9 /* SetViewController.h */,
				BC0A582E1E7282250077C8A9 /* SetViewController.m */,
				BC0A582F1E7282250077C8A9 /* SetViewController.xib */,
				BC0A58321E72832E0077C8A9 /* SetTableViewCell.h */,
				BC0A58331E72832E0077C8A9 /* SetTableViewCell.m */,
				BC0A58341E72832E0077C8A9 /* SetTableViewCell.xib */,
			);
			path = Set;
			sourceTree = "<group>";
		};
		BC0A583A1E728D3E0077C8A9 /* Bill */ = {
			isa = PBXGroup;
			children = (
				BC0A583B1E728D520077C8A9 /* BillViewController.h */,
				BC0A583C1E728D520077C8A9 /* BillViewController.m */,
				BC0A583D1E728D520077C8A9 /* BillViewController.xib */,
				BC0A58461E7299900077C8A9 /* BillTableViewCell.h */,
				BC0A58471E7299900077C8A9 /* BillTableViewCell.m */,
				BC0A58481E7299900077C8A9 /* BillTableViewCell.xib */,
				BC0A584B1E72A0680077C8A9 /* BillConsumptionTableViewCell.h */,
				BC0A584C1E72A0680077C8A9 /* BillConsumptionTableViewCell.m */,
				BC0A584D1E72A0680077C8A9 /* BillConsumptionTableViewCell.xib */,
			);
			path = Bill;
			sourceTree = "<group>";
		};
		BC4AABD11E4D69E1006568A6 = {
			isa = PBXGroup;
			children = (
				BC4AABDC1E4D69E2006568A6 /* ShellCoin */,
				BC4AABF91E4D69E2006568A6 /* ShellCoinTests */,
				BC4AAC041E4D69E2006568A6 /* ShellCoinUITests */,
				BC4AABDB1E4D69E2006568A6 /* Products */,
				8E874A13AFBED68568C7A647 /* Pods */,
				FF957477FB6E2C96A62B1F6D /* Frameworks */,
			);
			sourceTree = "<group>";
		};
		BC4AABDB1E4D69E2006568A6 /* Products */ = {
			isa = PBXGroup;
			children = (
				BC4AABDA1E4D69E2006568A6 /* ShellCoin.app */,
				BC4AABF61E4D69E2006568A6 /* ShellCoinTests.xctest */,
				BC4AAC011E4D69E2006568A6 /* ShellCoinUITests.xctest */,
			);
			name = Products;
			sourceTree = "<group>";
		};
		BC4AABDC1E4D69E2006568A6 /* ShellCoin */ = {
			isa = PBXGroup;
			children = (
				BC4AABE01E4D69E2006568A6 /* AppDelegate.h */,
				BC4AABE11E4D69E2006568A6 /* AppDelegate.m */,
				BC4AAC131E4D6DBB006568A6 /* RootViewController.h */,
				BC4AAC141E4D6DBB006568A6 /* RootViewController.m */,
				BC4AABE61E4D69E2006568A6 /* Main.storyboard */,
				BC4AABEC1E4D69E2006568A6 /* Assets.xcassets */,
				BC4AABEE1E4D69E2006568A6 /* LaunchScreen.storyboard */,
				BC4AABF11E4D69E2006568A6 /* Info.plist */,
				BC4AABE91E4D69E2006568A6 /* ShellCoin.xcdatamodeld */,
				BC4AAC301E4D7006006568A6 /* PrefixHeader.pch */,
				BC4AAC311E4D74FD006568A6 /* TTXMacro.h */,
				BC4AAC161E4D6E31006568A6 /* Home */,
				BC4AAC171E4D6E31006568A6 /* Mine */,
				BC4AAC1B1E4D6E7D006568A6 /* Base */,
				BC4AAC321E4D7556006568A6 /* Public */,
				BC54EEBF1E5C40A200407AC5 /* ThirdAPI */,
				BC4AABDD1E4D69E2006568A6 /* Supporting Files */,
			);
			path = ShellCoin;
			sourceTree = "<group>";
		};
		BC4AABDD1E4D69E2006568A6 /* Supporting Files */ = {
			isa = PBXGroup;
			children = (
				BC4AABDE1E4D69E2006568A6 /* main.m */,
			);
			name = "Supporting Files";
			sourceTree = "<group>";
		};
		BC4AABF91E4D69E2006568A6 /* ShellCoinTests */ = {
			isa = PBXGroup;
			children = (
				BC4AABFA1E4D69E2006568A6 /* ShellCoinTests.m */,
				BC4AABFC1E4D69E2006568A6 /* Info.plist */,
			);
			path = ShellCoinTests;
			sourceTree = "<group>";
		};
		BC4AAC041E4D69E2006568A6 /* ShellCoinUITests */ = {
			isa = PBXGroup;
			children = (
				BC4AAC051E4D69E2006568A6 /* ShellCoinUITests.m */,
				BC4AAC071E4D69E2006568A6 /* Info.plist */,
			);
			path = ShellCoinUITests;
			sourceTree = "<group>";
		};
		BC4AAC161E4D6E31006568A6 /* Home */ = {
			isa = PBXGroup;
			children = (
				BC4AAC181E4D6E5B006568A6 /* HomeViewController.h */,
				BC4AAC191E4D6E5B006568A6 /* HomeViewController.m */,
			);
			path = Home;
			sourceTree = "<group>";
		};
		BC4AAC171E4D6E31006568A6 /* Mine */ = {
			isa = PBXGroup;
			children = (
				BC0A583A1E728D3E0077C8A9 /* Bill */,
				BC0A582C1E7282180077C8A9 /* Set */,
				BCBFF3CF1E5C244D00AFFE36 /* PersonalCenter */,
				BC4AAC361E4D8D51006568A6 /* MineViewController.h */,
				BC4AAC371E4D8D51006568A6 /* MineViewController.m */,
				BC4AAC391E4D8F7B006568A6 /* MineTableViewCell.h */,
				BC4AAC3A1E4D8F7B006568A6 /* MineTableViewCell.m */,
				BC4AAC3B1E4D8F7B006568A6 /* MineTableViewCell.xib */,
				BC2C21931E4DAD3700AAFEFE /* ManagerBankCardViewController.h */,
				BC2C21941E4DAD3700AAFEFE /* ManagerBankCardViewController.m */,
				BC2C21951E4DAD3700AAFEFE /* ManagerBankCardViewController.xib */,
				BC07FC601E4DBF0A00F1B0FA /* ManageBankView.h */,
				BC07FC611E4DBF0A00F1B0FA /* ManageBankView.m */,
				BC07FC631E4DBF1A00F1B0FA /* ManageBankView.xib */,
				BCBFF3CA1E5C207D00AFFE36 /* BanCardDetailTableViewCell.h */,
				BCBFF3CB1E5C207D00AFFE36 /* BanCardDetailTableViewCell.m */,
				BCBFF3CC1E5C207D00AFFE36 /* BanCardDetailTableViewCell.xib */,
				BCE5EED81E5C41900055D828 /* Mine.xcassets */,
			);
			path = Mine;
			sourceTree = "<group>";
		};
		BC4AAC1B1E4D6E7D006568A6 /* Base */ = {
			isa = PBXGroup;
			children = (
				BC4AAC1C1E4D6E7D006568A6 /* BaseCollectionViewCell.h */,
				BC4AAC1D1E4D6E7D006568A6 /* BaseCollectionViewCell.m */,
				BC4AAC1E1E4D6E7D006568A6 /* BaseHtmlViewController.h */,
				BC4AAC1F1E4D6E7D006568A6 /* BaseHtmlViewController.m */,
				BC4AAC201E4D6E7D006568A6 /* BaseModel.h */,
				BC4AAC211E4D6E7D006568A6 /* BaseModel.m */,
				BC4AAC221E4D6E7D006568A6 /* BaseNavigationBar.h */,
				BC4AAC231E4D6E7D006568A6 /* BaseNavigationBar.m */,
				BC4AAC241E4D6E7D006568A6 /* BaseNavigationBar.xib */,
				BC4AAC251E4D6E7D006568A6 /* BaseTableViewCell.h */,
				BC4AAC261E4D6E7D006568A6 /* BaseTableViewCell.m */,
				BC4AAC271E4D6E7D006568A6 /* BaseViewController.h */,
				BC4AAC281E4D6E7D006568A6 /* BaseViewController.m */,
			);
			path = Base;
			sourceTree = "<group>";
		};
		BC4AAC321E4D7556006568A6 /* Public */ = {
			isa = PBXGroup;
			children = (
				BC0A58171E724ADA0077C8A9 /* HttpClient */,
				BC4AAC331E4D7562006568A6 /* JAlertViewHelper.h */,
				BC4AAC341E4D7562006568A6 /* JAlertViewHelper.m */,
				BC2C21981E4DAF1300AAFEFE /* PGIndexBannerSubiew.h */,
				BC2C21991E4DAF1300AAFEFE /* PGIndexBannerSubiew.m */,
				BC2C219B1E4DAF1900AAFEFE /* NewPagedFlowView.h */,
				BC2C219C1E4DAF1900AAFEFE /* NewPagedFlowView.m */,
				BC0A58371E728C510077C8A9 /* SortButtonSwitchView.h */,
				BC0A58381E728C510077C8A9 /* SortButtonSwitchView.m */,
				BC0A58401E728F050077C8A9 /* SwipeView.h */,
				BC0A58411E728F050077C8A9 /* SwipeView.m */,
				BC0A58431E728F2C0077C8A9 /* AutoScroller.h */,
				BC0A58441E728F2C0077C8A9 /* AutoScroller.m */,
			);
			path = Public;
			sourceTree = "<group>";
		};
		BC54EEBF1E5C40A200407AC5 /* ThirdAPI */ = {
			isa = PBXGroup;
			children = (
				BCE5EED41E5C41030055D828 /* Colours */,
			);
			path = ThirdAPI;
			sourceTree = "<group>";
		};
		BCBFF3CF1E5C244D00AFFE36 /* PersonalCenter */ = {
			isa = PBXGroup;
			children = (
				BCBFF3D01E5C24A000AFFE36 /* PersonCenterViewController.h */,
				BCBFF3D11E5C24A000AFFE36 /* PersonCenterViewController.m */,
				BCBFF3D21E5C24A000AFFE36 /* PersonCenterViewController.xib */,
				BCBFF3D51E5C2B7500AFFE36 /* PersonCenterTableViewCell.h */,
				BCBFF3D61E5C2B7500AFFE36 /* PersonCenterTableViewCell.m */,
				BCBFF3D71E5C2B7500AFFE36 /* PersonCenterTableViewCell.xib */,
				BCBFF3DC1E5C370700AFFE36 /* EditBankInfoViewController.h */,
				BCBFF3DD1E5C370700AFFE36 /* EditBankInfoViewController.m */,
				BCBFF3DE1E5C370700AFFE36 /* EditBankInfoViewController.xib */,
				BCCAF40C1E5C381100E08A99 /* EditbankInfoTableViewCell.h */,
				BCCAF40D1E5C381100E08A99 /* EditbankInfoTableViewCell.m */,
				BCCAF40E1E5C381100E08A99 /* EditbankInfoTableViewCell.xib */,
				BC0A58271E724D090077C8A9 /* BankPickView.h */,
				BC0A58281E724D090077C8A9 /* BankPickView.m */,
				BC0A58291E724D090077C8A9 /* city.plist */,
				BCBFF3DA1E5C2E9300AFFE36 /* header.jpg */,
			);
			path = PersonalCenter;
			sourceTree = "<group>";
		};
		BCE5EED41E5C41030055D828 /* Colours */ = {
			isa = PBXGroup;
			children = (
				BCE5EED51E5C41030055D828 /* Colours.h */,
				BCE5EED61E5C41030055D828 /* Colours.m */,
			);
			path = Colours;
			sourceTree = "<group>";
		};
		FF957477FB6E2C96A62B1F6D /* Frameworks */ = {
			isa = PBXGroup;
			children = (
				BEFB67E1918B5BA80284D66F /* libPods-ShellCoin.a */,
			);
			name = Frameworks;
			sourceTree = "<group>";
		};
/* End PBXGroup section */

/* Begin PBXNativeTarget section */
		BC4AABD91E4D69E1006568A6 /* ShellCoin */ = {
			isa = PBXNativeTarget;
			buildConfigurationList = BC4AAC0A1E4D69E2006568A6 /* Build configuration list for PBXNativeTarget "ShellCoin" */;
			buildPhases = (
				0ED585EAE23C3847AF6FE729 /* [CP] Check Pods Manifest.lock */,
				BC4AABD61E4D69E1006568A6 /* Sources */,
				BC4AABD71E4D69E1006568A6 /* Frameworks */,
				BC4AABD81E4D69E1006568A6 /* Resources */,
				FE9279E74BC6FB2390AAEA2C /* [CP] Embed Pods Frameworks */,
				B85B21780A2C01C4D3CD5E74 /* [CP] Copy Pods Resources */,
			);
			buildRules = (
			);
			dependencies = (
			);
			name = ShellCoin;
			productName = ShellCoin;
			productReference = BC4AABDA1E4D69E2006568A6 /* ShellCoin.app */;
			productType = "com.apple.product-type.application";
		};
		BC4AABF51E4D69E2006568A6 /* ShellCoinTests */ = {
			isa = PBXNativeTarget;
			buildConfigurationList = BC4AAC0D1E4D69E2006568A6 /* Build configuration list for PBXNativeTarget "ShellCoinTests" */;
			buildPhases = (
				BC4AABF21E4D69E2006568A6 /* Sources */,
				BC4AABF31E4D69E2006568A6 /* Frameworks */,
				BC4AABF41E4D69E2006568A6 /* Resources */,
			);
			buildRules = (
			);
			dependencies = (
				BC4AABF81E4D69E2006568A6 /* PBXTargetDependency */,
			);
			name = ShellCoinTests;
			productName = ShellCoinTests;
			productReference = BC4AABF61E4D69E2006568A6 /* ShellCoinTests.xctest */;
			productType = "com.apple.product-type.bundle.unit-test";
		};
		BC4AAC001E4D69E2006568A6 /* ShellCoinUITests */ = {
			isa = PBXNativeTarget;
			buildConfigurationList = BC4AAC101E4D69E2006568A6 /* Build configuration list for PBXNativeTarget "ShellCoinUITests" */;
			buildPhases = (
				BC4AABFD1E4D69E2006568A6 /* Sources */,
				BC4AABFE1E4D69E2006568A6 /* Frameworks */,
				BC4AABFF1E4D69E2006568A6 /* Resources */,
			);
			buildRules = (
			);
			dependencies = (
				BC4AAC031E4D69E2006568A6 /* PBXTargetDependency */,
			);
			name = ShellCoinUITests;
			productName = ShellCoinUITests;
			productReference = BC4AAC011E4D69E2006568A6 /* ShellCoinUITests.xctest */;
			productType = "com.apple.product-type.bundle.ui-testing";
		};
/* End PBXNativeTarget section */

/* Begin PBXProject section */
		BC4AABD21E4D69E1006568A6 /* Project object */ = {
			isa = PBXProject;
			attributes = {
				LastUpgradeCheck = 0820;
				ORGANIZATIONNAME = Guo;
				TargetAttributes = {
					BC4AABD91E4D69E1006568A6 = {
						CreatedOnToolsVersion = 8.2.1;
						ProvisioningStyle = Automatic;
					};
					BC4AABF51E4D69E2006568A6 = {
						CreatedOnToolsVersion = 8.2.1;
						ProvisioningStyle = Automatic;
						TestTargetID = BC4AABD91E4D69E1006568A6;
					};
					BC4AAC001E4D69E2006568A6 = {
						CreatedOnToolsVersion = 8.2.1;
						ProvisioningStyle = Automatic;
						TestTargetID = BC4AABD91E4D69E1006568A6;
					};
				};
			};
			buildConfigurationList = BC4AABD51E4D69E1006568A6 /* Build configuration list for PBXProject "ShellCoin" */;
			compatibilityVersion = "Xcode 3.2";
			developmentRegion = English;
			hasScannedForEncodings = 0;
			knownRegions = (
				en,
				Base,
			);
			mainGroup = BC4AABD11E4D69E1006568A6;
			productRefGroup = BC4AABDB1E4D69E2006568A6 /* Products */;
			projectDirPath = "";
			projectRoot = "";
			targets = (
				BC4AABD91E4D69E1006568A6 /* ShellCoin */,
				BC4AABF51E4D69E2006568A6 /* ShellCoinTests */,
				BC4AAC001E4D69E2006568A6 /* ShellCoinUITests */,
			);
		};
/* End PBXProject section */

/* Begin PBXResourcesBuildPhase section */
		BC4AABD81E4D69E1006568A6 /* Resources */ = {
			isa = PBXResourcesBuildPhase;
			buildActionMask = 2147483647;
			files = (
				BC0A582B1E724D090077C8A9 /* city.plist in Resources */,
				BC0A58361E72832E0077C8A9 /* SetTableViewCell.xib in Resources */,
				BCBFF3CE1E5C207D00AFFE36 /* BanCardDetailTableViewCell.xib in Resources */,
				BCBFF3D41E5C24A000AFFE36 /* PersonCenterViewController.xib in Resources */,
				BC0A584F1E72A0680077C8A9 /* BillConsumptionTableViewCell.xib in Resources */,
				BC4AABF01E4D69E2006568A6 /* LaunchScreen.storyboard in Resources */,
				BC4AABED1E4D69E2006568A6 /* Assets.xcassets in Resources */,
				BC07FC641E4DBF1A00F1B0FA /* ManageBankView.xib in Resources */,
				BC4AAC3D1E4D8F7B006568A6 /* MineTableViewCell.xib in Resources */,
				BCBFF3DB1E5C2E9300AFFE36 /* header.jpg in Resources */,
				BC0A583F1E728D520077C8A9 /* BillViewController.xib in Resources */,
				BC4AAC2D1E4D6E7D006568A6 /* BaseNavigationBar.xib in Resources */,
				BCE5EED91E5C41900055D828 /* Mine.xcassets in Resources */,
				BCCAF4101E5C381100E08A99 /* EditbankInfoTableViewCell.xib in Resources */,
				BCBFF3E01E5C370700AFFE36 /* EditBankInfoViewController.xib in Resources */,
				BC0A584A1E7299900077C8A9 /* BillTableViewCell.xib in Resources */,
				BCBFF3D91E5C2B7500AFFE36 /* PersonCenterTableViewCell.xib in Resources */,
				BC2C21971E4DAD3700AAFEFE /* ManagerBankCardViewController.xib in Resources */,
				BC4AABE81E4D69E2006568A6 /* Main.storyboard in Resources */,
				BC0A58221E724ADA0077C8A9 /* 213955937960616.cer in Resources */,
				BC0A58251E724ADA0077C8A9 /* HttpClient_Readme.txt in Resources */,
				BC0A58311E7282250077C8A9 /* SetViewController.xib in Resources */,
			);
			runOnlyForDeploymentPostprocessing = 0;
		};
		BC4AABF41E4D69E2006568A6 /* Resources */ = {
			isa = PBXResourcesBuildPhase;
			buildActionMask = 2147483647;
			files = (
			);
			runOnlyForDeploymentPostprocessing = 0;
		};
		BC4AABFF1E4D69E2006568A6 /* Resources */ = {
			isa = PBXResourcesBuildPhase;
			buildActionMask = 2147483647;
			files = (
			);
			runOnlyForDeploymentPostprocessing = 0;
		};
/* End PBXResourcesBuildPhase section */

/* Begin PBXShellScriptBuildPhase section */
		0ED585EAE23C3847AF6FE729 /* [CP] Check Pods Manifest.lock */ = {
			isa = PBXShellScriptBuildPhase;
			buildActionMask = 2147483647;
			files = (
			);
			inputPaths = (
			);
			name = "[CP] Check Pods Manifest.lock";
			outputPaths = (
			);
			runOnlyForDeploymentPostprocessing = 0;
			shellPath = /bin/sh;
			shellScript = "diff \"${PODS_ROOT}/../Podfile.lock\" \"${PODS_ROOT}/Manifest.lock\" > /dev/null\nif [ $? != 0 ] ; then\n    # print error to STDERR\n    echo \"error: The sandbox is not in sync with the Podfile.lock. Run 'pod install' or update your CocoaPods installation.\" >&2\n    exit 1\nfi\n";
			showEnvVarsInLog = 0;
		};
		B85B21780A2C01C4D3CD5E74 /* [CP] Copy Pods Resources */ = {
			isa = PBXShellScriptBuildPhase;
			buildActionMask = 2147483647;
			files = (
			);
			inputPaths = (
			);
			name = "[CP] Copy Pods Resources";
			outputPaths = (
			);
			runOnlyForDeploymentPostprocessing = 0;
			shellPath = /bin/sh;
			shellScript = "\"${SRCROOT}/Pods/Target Support Files/Pods-ShellCoin/Pods-ShellCoin-resources.sh\"\n";
			showEnvVarsInLog = 0;
		};
		FE9279E74BC6FB2390AAEA2C /* [CP] Embed Pods Frameworks */ = {
			isa = PBXShellScriptBuildPhase;
			buildActionMask = 2147483647;
			files = (
			);
			inputPaths = (
			);
			name = "[CP] Embed Pods Frameworks";
			outputPaths = (
			);
			runOnlyForDeploymentPostprocessing = 0;
			shellPath = /bin/sh;
			shellScript = "\"${SRCROOT}/Pods/Target Support Files/Pods-ShellCoin/Pods-ShellCoin-frameworks.sh\"\n";
			showEnvVarsInLog = 0;
		};
/* End PBXShellScriptBuildPhase section */

/* Begin PBXSourcesBuildPhase section */
		BC4AABD61E4D69E1006568A6 /* Sources */ = {
			isa = PBXSourcesBuildPhase;
			buildActionMask = 2147483647;
			files = (
				BC2C219D1E4DAF1900AAFEFE /* NewPagedFlowView.m in Sources */,
				BC4AAC2E1E4D6E7D006568A6 /* BaseTableViewCell.m in Sources */,
				BCBFF3D31E5C24A000AFFE36 /* PersonCenterViewController.m in Sources */,
				BC0A58301E7282250077C8A9 /* SetViewController.m in Sources */,
				BC0A58231E724ADA0077C8A9 /* BaseHttpClient.m in Sources */,
				BC4AAC2A1E4D6E7D006568A6 /* BaseHtmlViewController.m in Sources */,
				BC0A584E1E72A0680077C8A9 /* BillConsumptionTableViewCell.m in Sources */,
				BC4AAC381E4D8D51006568A6 /* MineViewController.m in Sources */,
				BC4AAC351E4D7562006568A6 /* JAlertViewHelper.m in Sources */,
				BC07FC621E4DBF0A00F1B0FA /* ManageBankView.m in Sources */,
				BC2C219A1E4DAF1300AAFEFE /* PGIndexBannerSubiew.m in Sources */,
				BC4AAC3C1E4D8F7B006568A6 /* MineTableViewCell.m in Sources */,
				BCCAF40F1E5C381100E08A99 /* EditbankInfoTableViewCell.m in Sources */,
				BC0A58421E728F050077C8A9 /* SwipeView.m in Sources */,
				BC0A582A1E724D090077C8A9 /* BankPickView.m in Sources */,
				BC4AAC2F1E4D6E7D006568A6 /* BaseViewController.m in Sources */,
				BCBFF3DF1E5C370700AFFE36 /* EditBankInfoViewController.m in Sources */,
				BC2C21961E4DAD3700AAFEFE /* ManagerBankCardViewController.m in Sources */,
				BC0A58261E724ADA0077C8A9 /* HttpClientAlertViewHelper.m in Sources */,
				BC0A583E1E728D520077C8A9 /* BillViewController.m in Sources */,
				BC4AABE21E4D69E2006568A6 /* AppDelegate.m in Sources */,
				BC0A58351E72832E0077C8A9 /* SetTableViewCell.m in Sources */,
				BC0A58491E7299900077C8A9 /* BillTableViewCell.m in Sources */,
				BCBFF3CD1E5C207D00AFFE36 /* BanCardDetailTableViewCell.m in Sources */,
				BC4AAC2B1E4D6E7D006568A6 /* BaseModel.m in Sources */,
				BCBFF3D81E5C2B7500AFFE36 /* PersonCenterTableViewCell.m in Sources */,
				BC4AAC291E4D6E7D006568A6 /* BaseCollectionViewCell.m in Sources */,
				BC4AAC2C1E4D6E7D006568A6 /* BaseNavigationBar.m in Sources */,
				BC0A58451E728F2C0077C8A9 /* AutoScroller.m in Sources */,
				BCE5EED71E5C41030055D828 /* Colours.m in Sources */,
				BC4AABDF1E4D69E2006568A6 /* main.m in Sources */,
				BC0A58391E728C510077C8A9 /* SortButtonSwitchView.m in Sources */,
				BC4AAC151E4D6DBB006568A6 /* RootViewController.m in Sources */,
				BC4AAC1A1E4D6E5B006568A6 /* HomeViewController.m in Sources */,
				BC0A58241E724ADA0077C8A9 /* HttpClient.m in Sources */,
				BC4AABEB1E4D69E2006568A6 /* ShellCoin.xcdatamodeld in Sources */,
			);
			runOnlyForDeploymentPostprocessing = 0;
		};
		BC4AABF21E4D69E2006568A6 /* Sources */ = {
			isa = PBXSourcesBuildPhase;
			buildActionMask = 2147483647;
			files = (
				BC4AABFB1E4D69E2006568A6 /* ShellCoinTests.m in Sources */,
			);
			runOnlyForDeploymentPostprocessing = 0;
		};
		BC4AABFD1E4D69E2006568A6 /* Sources */ = {
			isa = PBXSourcesBuildPhase;
			buildActionMask = 2147483647;
			files = (
				BC4AAC061E4D69E2006568A6 /* ShellCoinUITests.m in Sources */,
			);
			runOnlyForDeploymentPostprocessing = 0;
		};
/* End PBXSourcesBuildPhase section */

/* Begin PBXTargetDependency section */
		BC4AABF81E4D69E2006568A6 /* PBXTargetDependency */ = {
			isa = PBXTargetDependency;
			target = BC4AABD91E4D69E1006568A6 /* ShellCoin */;
			targetProxy = BC4AABF71E4D69E2006568A6 /* PBXContainerItemProxy */;
		};
		BC4AAC031E4D69E2006568A6 /* PBXTargetDependency */ = {
			isa = PBXTargetDependency;
			target = BC4AABD91E4D69E1006568A6 /* ShellCoin */;
			targetProxy = BC4AAC021E4D69E2006568A6 /* PBXContainerItemProxy */;
		};
/* End PBXTargetDependency section */

/* Begin PBXVariantGroup section */
		BC4AABE61E4D69E2006568A6 /* Main.storyboard */ = {
			isa = PBXVariantGroup;
			children = (
				BC4AABE71E4D69E2006568A6 /* Base */,
			);
			name = Main.storyboard;
			sourceTree = "<group>";
		};
		BC4AABEE1E4D69E2006568A6 /* LaunchScreen.storyboard */ = {
			isa = PBXVariantGroup;
			children = (
				BC4AABEF1E4D69E2006568A6 /* Base */,
			);
			name = LaunchScreen.storyboard;
			sourceTree = "<group>";
		};
/* End PBXVariantGroup section */

/* Begin XCBuildConfiguration section */
		BC4AAC081E4D69E2006568A6 /* Debug */ = {
			isa = XCBuildConfiguration;
			buildSettings = {
				ALWAYS_SEARCH_USER_PATHS = NO;
				CLANG_ANALYZER_NONNULL = YES;
				CLANG_CXX_LANGUAGE_STANDARD = "gnu++0x";
				CLANG_CXX_LIBRARY = "libc++";
				CLANG_ENABLE_MODULES = YES;
				CLANG_ENABLE_OBJC_ARC = YES;
				CLANG_WARN_BOOL_CONVERSION = YES;
				CLANG_WARN_CONSTANT_CONVERSION = YES;
				CLANG_WARN_DIRECT_OBJC_ISA_USAGE = YES_ERROR;
				CLANG_WARN_DOCUMENTATION_COMMENTS = YES;
				CLANG_WARN_EMPTY_BODY = YES;
				CLANG_WARN_ENUM_CONVERSION = YES;
				CLANG_WARN_INFINITE_RECURSION = YES;
				CLANG_WARN_INT_CONVERSION = YES;
				CLANG_WARN_OBJC_ROOT_CLASS = YES_ERROR;
				CLANG_WARN_SUSPICIOUS_MOVE = YES;
				CLANG_WARN_UNREACHABLE_CODE = YES;
				CLANG_WARN__DUPLICATE_METHOD_MATCH = YES;
				"CODE_SIGN_IDENTITY[sdk=iphoneos*]" = "iPhone Developer";
				COPY_PHASE_STRIP = NO;
				DEBUG_INFORMATION_FORMAT = dwarf;
				ENABLE_STRICT_OBJC_MSGSEND = YES;
				ENABLE_TESTABILITY = YES;
				GCC_C_LANGUAGE_STANDARD = gnu99;
				GCC_DYNAMIC_NO_PIC = NO;
				GCC_NO_COMMON_BLOCKS = YES;
				GCC_OPTIMIZATION_LEVEL = 0;
				GCC_PREPROCESSOR_DEFINITIONS = (
					"DEBUG=1",
					"$(inherited)",
				);
				GCC_WARN_64_TO_32_BIT_CONVERSION = YES;
				GCC_WARN_ABOUT_RETURN_TYPE = YES_ERROR;
				GCC_WARN_UNDECLARED_SELECTOR = YES;
				GCC_WARN_UNINITIALIZED_AUTOS = YES_AGGRESSIVE;
				GCC_WARN_UNUSED_FUNCTION = YES;
				GCC_WARN_UNUSED_VARIABLE = YES;
				IPHONEOS_DEPLOYMENT_TARGET = 10.2;
				MTL_ENABLE_DEBUG_INFO = YES;
				ONLY_ACTIVE_ARCH = YES;
				SDKROOT = iphoneos;
				TARGETED_DEVICE_FAMILY = "1,2";
			};
			name = Debug;
		};
		BC4AAC091E4D69E2006568A6 /* Release */ = {
			isa = XCBuildConfiguration;
			buildSettings = {
				ALWAYS_SEARCH_USER_PATHS = NO;
				CLANG_ANALYZER_NONNULL = YES;
				CLANG_CXX_LANGUAGE_STANDARD = "gnu++0x";
				CLANG_CXX_LIBRARY = "libc++";
				CLANG_ENABLE_MODULES = YES;
				CLANG_ENABLE_OBJC_ARC = YES;
				CLANG_WARN_BOOL_CONVERSION = YES;
				CLANG_WARN_CONSTANT_CONVERSION = YES;
				CLANG_WARN_DIRECT_OBJC_ISA_USAGE = YES_ERROR;
				CLANG_WARN_DOCUMENTATION_COMMENTS = YES;
				CLANG_WARN_EMPTY_BODY = YES;
				CLANG_WARN_ENUM_CONVERSION = YES;
				CLANG_WARN_INFINITE_RECURSION = YES;
				CLANG_WARN_INT_CONVERSION = YES;
				CLANG_WARN_OBJC_ROOT_CLASS = YES_ERROR;
				CLANG_WARN_SUSPICIOUS_MOVE = YES;
				CLANG_WARN_UNREACHABLE_CODE = YES;
				CLANG_WARN__DUPLICATE_METHOD_MATCH = YES;
				"CODE_SIGN_IDENTITY[sdk=iphoneos*]" = "iPhone Developer";
				COPY_PHASE_STRIP = NO;
				DEBUG_INFORMATION_FORMAT = "dwarf-with-dsym";
				ENABLE_NS_ASSERTIONS = NO;
				ENABLE_STRICT_OBJC_MSGSEND = YES;
				GCC_C_LANGUAGE_STANDARD = gnu99;
				GCC_NO_COMMON_BLOCKS = YES;
				GCC_WARN_64_TO_32_BIT_CONVERSION = YES;
				GCC_WARN_ABOUT_RETURN_TYPE = YES_ERROR;
				GCC_WARN_UNDECLARED_SELECTOR = YES;
				GCC_WARN_UNINITIALIZED_AUTOS = YES_AGGRESSIVE;
				GCC_WARN_UNUSED_FUNCTION = YES;
				GCC_WARN_UNUSED_VARIABLE = YES;
				IPHONEOS_DEPLOYMENT_TARGET = 10.2;
				MTL_ENABLE_DEBUG_INFO = NO;
				SDKROOT = iphoneos;
				TARGETED_DEVICE_FAMILY = "1,2";
				VALIDATE_PRODUCT = YES;
			};
			name = Release;
		};
		BC4AAC0B1E4D69E2006568A6 /* Debug */ = {
			isa = XCBuildConfiguration;
			baseConfigurationReference = C11C2EEE802957925FA5F0C7 /* Pods-ShellCoin.debug.xcconfig */;
			buildSettings = {
				ASSETCATALOG_COMPILER_APPICON_NAME = AppIcon;
				GCC_PREFIX_HEADER = "$(SRCROOT)/ShellCoin/PrefixHeader.pch";
				INFOPLIST_FILE = ShellCoin/Info.plist;
				LD_RUNPATH_SEARCH_PATHS = "$(inherited) @executable_path/Frameworks";
				PRODUCT_BUNDLE_IDENTIFIER = com.guo.icon.ShellCoin;
				PRODUCT_NAME = "$(TARGET_NAME)";
			};
			name = Debug;
		};
		BC4AAC0C1E4D69E2006568A6 /* Release */ = {
			isa = XCBuildConfiguration;
			baseConfigurationReference = 5674F83A9666780E4483DE0A /* Pods-ShellCoin.release.xcconfig */;
			buildSettings = {
				ASSETCATALOG_COMPILER_APPICON_NAME = AppIcon;
				GCC_PREFIX_HEADER = "$(SRCROOT)/ShellCoin/PrefixHeader.pch";
				INFOPLIST_FILE = ShellCoin/Info.plist;
				LD_RUNPATH_SEARCH_PATHS = "$(inherited) @executable_path/Frameworks";
				PRODUCT_BUNDLE_IDENTIFIER = com.guo.icon.ShellCoin;
				PRODUCT_NAME = "$(TARGET_NAME)";
			};
			name = Release;
		};
		BC4AAC0E1E4D69E2006568A6 /* Debug */ = {
			isa = XCBuildConfiguration;
			buildSettings = {
				BUNDLE_LOADER = "$(TEST_HOST)";
				INFOPLIST_FILE = ShellCoinTests/Info.plist;
				LD_RUNPATH_SEARCH_PATHS = "$(inherited) @executable_path/Frameworks @loader_path/Frameworks";
				PRODUCT_BUNDLE_IDENTIFIER = com.guo.icon.ShellCoinTests;
				PRODUCT_NAME = "$(TARGET_NAME)";
				TEST_HOST = "$(BUILT_PRODUCTS_DIR)/ShellCoin.app/ShellCoin";
			};
			name = Debug;
		};
		BC4AAC0F1E4D69E2006568A6 /* Release */ = {
			isa = XCBuildConfiguration;
			buildSettings = {
				BUNDLE_LOADER = "$(TEST_HOST)";
				INFOPLIST_FILE = ShellCoinTests/Info.plist;
				LD_RUNPATH_SEARCH_PATHS = "$(inherited) @executable_path/Frameworks @loader_path/Frameworks";
				PRODUCT_BUNDLE_IDENTIFIER = com.guo.icon.ShellCoinTests;
				PRODUCT_NAME = "$(TARGET_NAME)";
				TEST_HOST = "$(BUILT_PRODUCTS_DIR)/ShellCoin.app/ShellCoin";
			};
			name = Release;
		};
		BC4AAC111E4D69E2006568A6 /* Debug */ = {
			isa = XCBuildConfiguration;
			buildSettings = {
				INFOPLIST_FILE = ShellCoinUITests/Info.plist;
				LD_RUNPATH_SEARCH_PATHS = "$(inherited) @executable_path/Frameworks @loader_path/Frameworks";
				PRODUCT_BUNDLE_IDENTIFIER = com.guo.icon.ShellCoinUITests;
				PRODUCT_NAME = "$(TARGET_NAME)";
				TEST_TARGET_NAME = ShellCoin;
			};
			name = Debug;
		};
		BC4AAC121E4D69E2006568A6 /* Release */ = {
			isa = XCBuildConfiguration;
			buildSettings = {
				INFOPLIST_FILE = ShellCoinUITests/Info.plist;
				LD_RUNPATH_SEARCH_PATHS = "$(inherited) @executable_path/Frameworks @loader_path/Frameworks";
				PRODUCT_BUNDLE_IDENTIFIER = com.guo.icon.ShellCoinUITests;
				PRODUCT_NAME = "$(TARGET_NAME)";
				TEST_TARGET_NAME = ShellCoin;
			};
			name = Release;
		};
/* End XCBuildConfiguration section */

/* Begin XCConfigurationList section */
		BC4AABD51E4D69E1006568A6 /* Build configuration list for PBXProject "ShellCoin" */ = {
			isa = XCConfigurationList;
			buildConfigurations = (
				BC4AAC081E4D69E2006568A6 /* Debug */,
				BC4AAC091E4D69E2006568A6 /* Release */,
			);
			defaultConfigurationIsVisible = 0;
			defaultConfigurationName = Release;
		};
		BC4AAC0A1E4D69E2006568A6 /* Build configuration list for PBXNativeTarget "ShellCoin" */ = {
			isa = XCConfigurationList;
			buildConfigurations = (
				BC4AAC0B1E4D69E2006568A6 /* Debug */,
				BC4AAC0C1E4D69E2006568A6 /* Release */,
			);
			defaultConfigurationIsVisible = 0;
			defaultConfigurationName = Release;
		};
		BC4AAC0D1E4D69E2006568A6 /* Build configuration list for PBXNativeTarget "ShellCoinTests" */ = {
			isa = XCConfigurationList;
			buildConfigurations = (
				BC4AAC0E1E4D69E2006568A6 /* Debug */,
				BC4AAC0F1E4D69E2006568A6 /* Release */,
			);
			defaultConfigurationIsVisible = 0;
			defaultConfigurationName = Release;
		};
		BC4AAC101E4D69E2006568A6 /* Build configuration list for PBXNativeTarget "ShellCoinUITests" */ = {
			isa = XCConfigurationList;
			buildConfigurations = (
				BC4AAC111E4D69E2006568A6 /* Debug */,
				BC4AAC121E4D69E2006568A6 /* Release */,
			);
			defaultConfigurationIsVisible = 0;
			defaultConfigurationName = Release;
		};
/* End XCConfigurationList section */

/* Begin XCVersionGroup section */
		BC4AABE91E4D69E2006568A6 /* ShellCoin.xcdatamodeld */ = {
			isa = XCVersionGroup;
			children = (
				BC4AABEA1E4D69E2006568A6 /* ShellCoin.xcdatamodel */,
			);
			currentVersion = BC4AABEA1E4D69E2006568A6 /* ShellCoin.xcdatamodel */;
			path = ShellCoin.xcdatamodeld;
			sourceTree = "<group>";
			versionGroupType = wrapper.xcdatamodel;
		};
/* End XCVersionGroup section */
	};
	rootObject = BC4AABD21E4D69E1006568A6 /* Project object */;
}
